
Microsoft Visual Studio Solution File, Format Version 12.00
# Visual Studio Version 17
VisualStudioVersion = 17.3.32819.101
MinimumVisualStudioVersion = 10.0.40219.1
Project("{9A19103F-16F7-4668-BE54-9A1E7A4F7556}") = "Minha_Carteira", "Minha_Carteira.csproj", "{1642E22D-0F4D-4D4C-AEB9-20A6ADECAFA4}"
EndProject
Global
	GlobalSection(SolutionConfigurationPlatforms) = preSolution
		Debug|Any CPU = Debug|Any CPU
		Release|Any CPU = Release|Any CPU
	EndGlobalSection
	GlobalSection(ProjectConfigurationPlatforms) = postSolution
		{1642E22D-0F4D-4D4C-AEB9-20A6ADECAFA4}.Debug|Any CPU.ActiveCfg = Debug|Any CPU
		{1642E22D-0F4D-4D4C-AEB9-20A6ADECAFA4}.Debug|Any CPU.Build.0 = Debug|Any CPU
		{1642E22D-0F4D-4D4C-AEB9-20A6ADECAFA4}.Release|Any CPU.ActiveCfg = Release|Any CPU
		{1642E22D-0F4D-4D4C-AEB9-20A6ADECAFA4}.Release|Any CPU.Build.0 = Release|Any CPU
	EndGlobalSection
	GlobalSection(SolutionProperties) = preSolution
		HideSolutionNode = FALSE
	EndGlobalSection
	GlobalSection(ExtensibilityGlobals) = postSolution
		SolutionGuid = {AD8F3F0E-1A07-457F-B1FE-F9B4ACE65EF4}
	EndGlobalSection
EndGlobal
